
Microsoft Visual Studio Solution File, Format Version 12.00
# Visual Studio Version 17
VisualStudioVersion = 17.9.34902.65
MinimumVisualStudioVersion = 10.0.40219.1
Project("{9A19103F-16F7-4668-BE54-9A1E7A4F7556}") = "GeometryLib", "GeometryLib.csproj", "{61036C76-0046-422F-89C7-3F2F3C7A5FF3}"
EndProject
Project("{9A19103F-16F7-4668-BE54-9A1E7A4F7556}") = "GeometryClient", "GeometryClient\GeometryClient.csproj", "{3AA8B82F-A332-49E7-AD8B-40FD607E48EF}"
EndProject
Global
	GlobalSection(SolutionConfigurationPlatforms) = preSolution
		Debug|Any CPU = Debug|Any CPU
		Release|Any CPU = Release|Any CPU
	EndGlobalSection
	GlobalSection(ProjectConfigurationPlatforms) = postSolution
		{61036C76-0046-422F-89C7-3F2F3C7A5FF3}.Debug|Any CPU.ActiveCfg = Debug|Any CPU
		{61036C76-0046-422F-89C7-3F2F3C7A5FF3}.Debug|Any CPU.Build.0 = Debug|Any CPU
		{61036C76-0046-422F-89C7-3F2F3C7A5FF3}.Release|Any CPU.ActiveCfg = Release|Any CPU
		{61036C76-0046-422F-89C7-3F2F3C7A5FF3}.Release|Any CPU.Build.0 = Release|Any CPU
		{3AA8B82F-A332-49E7-AD8B-40FD607E48EF}.Debug|Any CPU.ActiveCfg = Debug|Any CPU
		{3AA8B82F-A332-49E7-AD8B-40FD607E48EF}.Debug|Any CPU.Build.0 = Debug|Any CPU
		{3AA8B82F-A332-49E7-AD8B-40FD607E48EF}.Release|Any CPU.ActiveCfg = Release|Any CPU
		{3AA8B82F-A332-49E7-AD8B-40FD607E48EF}.Release|Any CPU.Build.0 = Release|Any CPU
	EndGlobalSection
	GlobalSection(SolutionProperties) = preSolution
		HideSolutionNode = FALSE
	EndGlobalSection
	GlobalSection(ExtensibilityGlobals) = postSolution
		SolutionGuid = {1A9BD63A-9626-40E3-8EE7-7F717C8D0BDB}
	EndGlobalSection
EndGlobal
